
Microsoft Visual Studio Solution File, Format Version 12.00
Project("{FAE04EC0-301F-11D3-BF4B-00C04F79EFBC}") = "drselina.appointment.spa", "drselina.appointment.spa\drselina.appointment.spa.csproj", "{D83703EC-80FB-4402-9D05-BCF4BC819DA8}"
EndProject
Project("{FAE04EC0-301F-11D3-BF4B-00C04F79EFBC}") = "drselina.appointment.api", "drselina.appointment.api\drselina.appointment.api.csproj", "{4B9CA997-1D42-4865-975A-166B55DAD4F0}"
EndProject
Global
	GlobalSection(SolutionConfigurationPlatforms) = preSolution
		Debug|Any CPU = Debug|Any CPU
		Release|Any CPU = Release|Any CPU
	EndGlobalSection
	GlobalSection(ProjectConfigurationPlatforms) = postSolution
		{D83703EC-80FB-4402-9D05-BCF4BC819DA8}.Debug|Any CPU.ActiveCfg = Debug|Any CPU
		{D83703EC-80FB-4402-9D05-BCF4BC819DA8}.Debug|Any CPU.Build.0 = Debug|Any CPU
		{D83703EC-80FB-4402-9D05-BCF4BC819DA8}.Release|Any CPU.ActiveCfg = Release|Any CPU
		{D83703EC-80FB-4402-9D05-BCF4BC819DA8}.Release|Any CPU.Build.0 = Release|Any CPU
		{4B9CA997-1D42-4865-975A-166B55DAD4F0}.Debug|Any CPU.ActiveCfg = Debug|Any CPU
		{4B9CA997-1D42-4865-975A-166B55DAD4F0}.Debug|Any CPU.Build.0 = Debug|Any CPU
		{4B9CA997-1D42-4865-975A-166B55DAD4F0}.Release|Any CPU.ActiveCfg = Release|Any CPU
		{4B9CA997-1D42-4865-975A-166B55DAD4F0}.Release|Any CPU.Build.0 = Release|Any CPU
	EndGlobalSection
EndGlobal
